
Microsoft Visual Studio Solution File, Format Version 12.00
# Visual Studio Version 17
VisualStudioVersion = 17.4.33103.184
MinimumVisualStudioVersion = 10.0.40219.1
Project("{FAE04EC0-301F-11D3-BF4B-00C04F79EFBC}") = "MemoApp", "MemoApp\MemoApp.csproj", "{ACCB2912-B3C5-4425-89BE-6720C7F07617}"
EndProject
Global
	GlobalSection(SolutionConfigurationPlatforms) = preSolution
		Debug|Any CPU = Debug|Any CPU
		Release|Any CPU = Release|Any CPU
	EndGlobalSection
	GlobalSection(ProjectConfigurationPlatforms) = postSolution
		{ACCB2912-B3C5-4425-89BE-6720C7F07617}.Debug|Any CPU.ActiveCfg = Debug|Any CPU
		{ACCB2912-B3C5-4425-89BE-6720C7F07617}.Debug|Any CPU.Build.0 = Debug|Any CPU
		{ACCB2912-B3C5-4425-89BE-6720C7F07617}.Release|Any CPU.ActiveCfg = Release|Any CPU
		{ACCB2912-B3C5-4425-89BE-6720C7F07617}.Release|Any CPU.Build.0 = Release|Any CPU
	EndGlobalSection
	GlobalSection(SolutionProperties) = preSolution
		HideSolutionNode = FALSE
	EndGlobalSection
	GlobalSection(ExtensibilityGlobals) = postSolution
		SolutionGuid = {AA109F66-C5A4-4B8F-B43D-2B77C5212C2A}
	EndGlobalSection
EndGlobal
